{
    "_readme": [
        "This file locks the dependencies of your project to a known state",
        "Read more about it at https://getcomposer.org/doc/01-basic-usage.md#installing-dependencies",
        "This file is @generated automatically"
    ],
    "content-hash": "c4f0a18a0d444a24a8c52e5214479fb3",
    "packages": [
        {
            "name": "doctrine/dbal",
            "version": "4.4.1",
            "source": {
                "type": "git",
                "url": "https://github.com/doctrine/dbal.git",
                "reference": "3d544473fb93f5c25b483ea4f4ce99f8c4d9d44c"
            },
            "dist": {
                "type": "zip",
                "url": "https://api.github.com/repos/doctrine/dbal/zipball/3d544473fb93f5c25b483ea4f4ce99f8c4d9d44c",
                "reference": "3d544473fb93f5c25b483ea4f4ce99f8c4d9d44c",
                "shasum": ""
            },
            "require": {
                "doctrine/deprecations": "^1.1.5",
                "php": "^8.2",
                "psr/cache": "^1|^2|^3",
                "psr/log": "^1|^2|^3"
            },
            "require-dev": {
                "doctrine/coding-standard": "14.0.0",
                "fig/log-test": "^1",
                "jetbrains/phpstorm-stubs": "2023.2",
                "phpstan/phpstan": "2.1.30",
                "phpstan/phpstan-phpunit": "2.0.7",
                "phpstan/phpstan-strict-rules": "^2",
                "phpunit/phpunit": "11.5.23",
                "slevomat/coding-standard": "8.24.0",
                "squizlabs/php_codesniffer": "4.0.0",
                "symfony/cache": "^6.3.8|^7.0|^8.0",
                "symfony/console": "^5.4|^6.3|^7.0|^8.0"
            },
            "suggest": {
                "symfony/console": "For helpful console commands such as SQL execution and import of files."
            },
            "type": "library",
            "autoload": {
                "psr-4": {
                    "Doctrine\\DBAL\\": "src"
                }
            },
            "notification-url": "https://packagist.org/downloads/",
            "license": [
                "MIT"
            ],
            "authors": [
                {
                    "name": "Guilherme Blanco",
                    "email": "guilhermeblanco@gmail.com"
                },
                {
                    "name": "Roman Borschel",
                    "email": "roman@code-factory.org"
                },
                {
                    "name": "Benjamin Eberlei",
                    "email": "kontakt@beberlei.de"
                },
                {
                    "name": "Jonathan Wage",
                    "email": "jonwage@gmail.com"
                }
            ],
            "description": "Powerful PHP database abstraction layer (DBAL) with many features for database schema introspection and management.",
            "homepage": "https://www.doctrine-project.org/projects/dbal.html",
            "keywords": [
                "abstraction",
                "database",
                "db2",
                "dbal",
                "mariadb",
                "mssql",
                "mysql",
                "oci8",
                "oracle",
                "pdo",
                "pgsql",
                "postgresql",
                "queryobject",
                "sasql",
                "sql",
                "sqlite",
                "sqlserver",
                "sqlsrv"
            ],
            "support": {
                "issues": "https://github.com/doctrine/dbal/issues",
                "source": "https://github.com/doctrine/dbal/tree/4.4.1"
            },
            "funding": [
                {
                    "url": "https://www.doctrine-project.org/sponsorship.html",
                    "type": "custom"
                },
                {
                    "url": "https://www.patreon.com/phpdoctrine",
                    "type": "patreon"
                },
                {
                    "url": "https://tidelift.com/funding/github/packagist/doctrine%2Fdbal",
                    "type": "tidelift"
                }
            ],
            "time": "2025-12-04T10:11:03+00:00"
        },
        {
            "name": "doctrine/deprecations",
            "version": "1.1.6",
            "source": {
                "type": "git",
                "url": "https://github.com/doctrine/deprecations.git",
                "reference": "d4fe3e6fd9bb9e72557a19674f44d8ac7db4c6ca"
            },
            "dist": {
                "type": "zip",
                "url": "https://api.github.com/repos/doctrine/deprecations/zipball/d4fe3e6fd9bb9e72557a19674f44d8ac7db4c6ca",
                "reference": "d4fe3e6fd9bb9e72557a19674f44d8ac7db4c6ca",
                "shasum": ""
            },
            "require": {
                "php": "^7.1 || ^8.0"
            },
            "conflict": {
                "phpunit/phpunit": "<=7.5 || >=14"
            },
            "require-dev": {
                "doctrine/coding-standard": "^9 || ^12 || ^14",
                "phpstan/phpstan": "1.4.10 || 2.1.30",
                "phpstan/phpstan-phpunit": "^1.0 || ^2",
                "phpunit/phpunit": "^7.5 || ^8.5 || ^9.6 || ^10.5 || ^11.5 || ^12.4 || ^13.0",
                "psr/log": "^1 || ^2 || ^3"
            },
            "suggest": {
                "psr/log": "Allows logging deprecations via PSR-3 logger implementation"
            },
            "type": "library",
            "autoload": {
                "psr-4": {
                    "Doctrine\\Deprecations\\": "src"
                }
            },
            "notification-url": "https://packagist.org/downloads/",
            "license": [
                "MIT"
            ],
            "description": "A small layer on top of trigger_error(E_USER_DEPRECATED) or PSR-3 logging with options to disable all deprecations or selectively for packages.",
            "homepage": "https://www.doctrine-project.org/",
            "support": {
                "issues": "https://github.com/doctrine/deprecations/issues",
                "source": "https://github.com/doctrine/deprecations/tree/1.1.6"
            },
            "time": "2026-02-07T07:09:04+00:00"
        },
        {
            "name": "psr/cache",
            "version": "3.0.0",
            "source": {
                "type": "git",
                "url": "https://github.com/php-fig/cache.git",
                "reference": "aa5030cfa5405eccfdcb1083ce040c2cb8d253bf"
            },
            "dist": {
                "type": "zip",
                "url": "https://api.github.com/repos/php-fig/cache/zipball/aa5030cfa5405eccfdcb1083ce040c2cb8d253bf",
                "reference": "aa5030cfa5405eccfdcb1083ce040c2cb8d253bf",
                "shasum": ""
            },
            "require": {
                "php": ">=8.0.0"
            },
            "type": "library",
            "extra": {
                "branch-alias": {
                    "dev-master": "1.0.x-dev"
                }
            },
            "autoload": {
                "psr-4": {
                    "Psr\\Cache\\": "src/"
                }
            },
            "notification-url": "https://packagist.org/downloads/",
            "license": [
                "MIT"
            ],
            "authors": [
                {
                    "name": "PHP-FIG",
                    "homepage": "https://www.php-fig.org/"
                }
            ],
            "description": "Common interface for caching libraries",
            "keywords": [
                "cache",
                "psr",
                "psr-6"
            ],
            "support": {
                "source": "https://github.com/php-fig/cache/tree/3.0.0"
            },
            "time": "2021-02-03T23:26:27+00:00"
        },
        {
            "name": "psr/log",
            "version": "3.0.2",
            "source": {
                "type": "git",
                "url": "https://github.com/php-fig/log.git",
                "reference": "f16e1d5863e37f8d8c2a01719f5b34baa2b714d3"
            },
            "dist": {
                "type": "zip",
                "url": "https://api.github.com/repos/php-fig/log/zipball/f16e1d5863e37f8d8c2a01719f5b34baa2b714d3",
                "reference": "f16e1d5863e37f8d8c2a01719f5b34baa2b714d3",
                "shasum": ""
            },
            "require": {
                "php": ">=8.0.0"
            },
            "type": "library",
            "extra": {
                "branch-alias": {
                    "dev-master": "3.x-dev"
                }
            },
            "autoload": {
                "psr-4": {
                    "Psr\\Log\\": "src"
                }
            },
            "notification-url": "https://packagist.org/downloads/",
            "license": [
                "MIT"
            ],
            "authors": [
                {
                    "name": "PHP-FIG",
                    "homepage": "https://www.php-fig.org/"
                }
            ],
            "description": "Common interface for logging libraries",
            "homepage": "https://github.com/php-fig/log",
            "keywords": [
                "log",
                "psr",
                "psr-3"
            ],
            "support": {
                "source": "https://github.com/php-fig/log/tree/3.0.2"
            },
            "time": "2024-09-11T13:17:53+00:00"
        }
    ],
    "packages-dev": [
        {
            "name": "phpstan/extension-installer",
            "version": "1.4.3",
            "source": {
                "type": "git",
                "url": "https://github.com/phpstan/extension-installer.git",
                "reference": "85e90b3942d06b2326fba0403ec24fe912372936"
            },
            "dist": {
                "type": "zip",
                "url": "https://api.github.com/repos/phpstan/extension-installer/zipball/85e90b3942d06b2326fba0403ec24fe912372936",
                "reference": "85e90b3942d06b2326fba0403ec24fe912372936",
                "shasum": ""
            },
            "require": {
                "composer-plugin-api": "^2.0",
                "php": "^7.2 || ^8.0",
                "phpstan/phpstan": "^1.9.0 || ^2.0"
            },
            "require-dev": {
                "composer/composer": "^2.0",
                "php-parallel-lint/php-parallel-lint": "^1.2.0",
                "phpstan/phpstan-strict-rules": "^0.11 || ^0.12 || ^1.0"
            },
            "type": "composer-plugin",
            "extra": {
                "class": "PHPStan\\ExtensionInstaller\\Plugin"
            },
            "autoload": {
                "psr-4": {
                    "PHPStan\\ExtensionInstaller\\": "src/"
                }
            },
            "notification-url": "https://packagist.org/downloads/",
            "license": [
                "MIT"
            ],
            "description": "Composer plugin for automatic installation of PHPStan extensions",
            "keywords": [
                "dev",
                "static analysis"
            ],
            "support": {
                "issues": "https://github.com/phpstan/extension-installer/issues",
                "source": "https://github.com/phpstan/extension-installer/tree/1.4.3"
            },
            "time": "2024-09-04T20:21:43+00:00"
        },
        {
            "name": "phpstan/phpstan",
            "version": "2.1.39",
            "dist": {
                "type": "zip",
                "url": "https://api.github.com/repos/phpstan/phpstan/zipball/c6f73a2af4cbcd99c931d0fb8f08548cc0fa8224",
                "reference": "c6f73a2af4cbcd99c931d0fb8f08548cc0fa8224",
                "shasum": ""
            },
            "require": {
                "php": "^7.4|^8.0"
            },
            "conflict": {
                "phpstan/phpstan-shim": "*"
            },
            "bin": [
                "phpstan",
                "phpstan.phar"
            ],
            "type": "library",
            "autoload": {
                "files": [
                    "bootstrap.php"
                ]
            },
            "notification-url": "https://packagist.org/downloads/",
            "license": [
                "MIT"
            ],
            "description": "PHPStan - PHP Static Analysis Tool",
            "keywords": [
                "dev",
                "static analysis"
            ],
            "support": {
                "docs": "https://phpstan.org/user-guide/getting-started",
                "forum": "https://github.com/phpstan/phpstan/discussions",
                "issues": "https://github.com/phpstan/phpstan/issues",
                "security": "https://github.com/phpstan/phpstan/security/policy",
                "source": "https://github.com/phpstan/phpstan-src"
            },
            "funding": [
                {
                    "url": "https://github.com/ondrejmirtes",
                    "type": "github"
                },
                {
                    "url": "https://github.com/phpstan",
                    "type": "github"
                }
            ],
            "time": "2026-02-11T14:48:56+00:00"
        },
        {
            "name": "phpstan/phpstan-deprecation-rules",
            "version": "2.0.4",
            "source": {
                "type": "git",
                "url": "https://github.com/phpstan/phpstan-deprecation-rules.git",
                "reference": "6b5571001a7f04fa0422254c30a0017ec2f2cacc"
            },
            "dist": {
                "type": "zip",
                "url": "https://api.github.com/repos/phpstan/phpstan-deprecation-rules/zipball/6b5571001a7f04fa0422254c30a0017ec2f2cacc",
                "reference": "6b5571001a7f04fa0422254c30a0017ec2f2cacc",
                "shasum": ""
            },
            "require": {
                "php": "^7.4 || ^8.0",
                "phpstan/phpstan": "^2.1.39"
            },
            "require-dev": {
                "php-parallel-lint/php-parallel-lint": "^1.2",
                "phpstan/phpstan-phpunit": "^2.0",
                "phpunit/phpunit": "^9.6"
            },
            "type": "phpstan-extension",
            "extra": {
                "phpstan": {
                    "includes": [
                        "rules.neon"
                    ]
                }
            },
            "autoload": {
                "psr-4": {
                    "PHPStan\\": "src/"
                }
            },
            "notification-url": "https://packagist.org/downloads/",
            "license": [
                "MIT"
            ],
            "description": "PHPStan rules for detecting usage of deprecated classes, methods, properties, constants and traits.",
            "keywords": [
                "static analysis"
            ],
            "support": {
                "issues": "https://github.com/phpstan/phpstan-deprecation-rules/issues",
                "source": "https://github.com/phpstan/phpstan-deprecation-rules/tree/2.0.4"
            },
            "time": "2026-02-09T13:21:14+00:00"
        },
        {
            "name": "phpstan/phpstan-strict-rules",
            "version": "2.0.10",
            "source": {
                "type": "git",
                "url": "https://github.com/phpstan/phpstan-strict-rules.git",
                "reference": "1aba28b697c1e3b6bbec8a1725f8b11b6d3e5a5f"
            },
            "dist": {
                "type": "zip",
                "url": "https://api.github.com/repos/phpstan/phpstan-strict-rules/zipball/1aba28b697c1e3b6bbec8a1725f8b11b6d3e5a5f",
                "reference": "1aba28b697c1e3b6bbec8a1725f8b11b6d3e5a5f",
                "shasum": ""
            },
            "require": {
                "php": "^7.4 || ^8.0",
                "phpstan/phpstan": "^2.1.39"
            },
            "require-dev": {
                "php-parallel-lint/php-parallel-lint": "^1.2",
                "phpstan/phpstan-deprecation-rules": "^2.0",
                "phpstan/phpstan-phpunit": "^2.0",
                "phpunit/phpunit": "^9.6"
            },
            "type": "phpstan-extension",
            "extra": {
                "phpstan": {
                    "includes": [
                        "rules.neon"
                    ]
                }
            },
            "autoload": {
                "psr-4": {
                    "PHPStan\\": "src/"
                }
            },
            "notification-url": "https://packagist.org/downloads/",
            "license": [
                "MIT"
            ],
            "description": "Extra strict and opinionated rules for PHPStan",
            "keywords": [
                "static analysis"
            ],
            "support": {
                "issues": "https://github.com/phpstan/phpstan-strict-rules/issues",
                "source": "https://github.com/phpstan/phpstan-strict-rules/tree/2.0.10"
            },
            "time": "2026-02-11T14:17:32+00:00"
        }
    ],
    "aliases": [],
    "minimum-stability": "stable",
    "stability-flags": {},
    "prefer-stable": true,
    "prefer-lowest": false,
    "platform": {
        "php": ">=7.4 <8.5"
    },
    "platform-dev": {},
    "plugin-api-version": "2.9.0"
}
