{
    "_readme": [
        "This file locks the dependencies of your project to a known state",
        "Read more about it at https://getcomposer.org/doc/01-basic-usage.md#installing-dependencies",
        "This file is @generated automatically"
    ],
    "content-hash": "2f885be27ef2d5ca3a9dd4cd644f20f0",
    "packages": [
        {
            "name": "monolog/monolog",
            "version": "2.10.0",
            "source": {
                "type": "git",
                "url": "https://github.com/Seldaek/monolog.git",
                "reference": "5cf826f2991858b54d5c3809bee745560a1042a7"
            },
            "dist": {
                "type": "zip",
                "url": "https://api.github.com/repos/Seldaek/monolog/zipball/5cf826f2991858b54d5c3809bee745560a1042a7",
                "reference": "5cf826f2991858b54d5c3809bee745560a1042a7",
                "shasum": ""
            },
            "require": {
                "php": ">=7.2",
                "psr/log": "^1.0.1 || ^2.0 || ^3.0"
            },
            "provide": {
                "psr/log-implementation": "1.0.0 || 2.0.0 || 3.0.0"
            },
            "require-dev": {
                "aws/aws-sdk-php": "^2.4.9 || ^3.0",
                "doctrine/couchdb": "~1.0@dev",
                "elasticsearch/elasticsearch": "^7 || ^8",
                "ext-json": "*",
                "graylog2/gelf-php": "^1.4.2 || ^2@dev",
                "guzzlehttp/guzzle": "^7.4",
                "guzzlehttp/psr7": "^2.2",
                "mongodb/mongodb": "^1.8",
                "php-amqplib/php-amqplib": "~2.4 || ^3",
                "phpspec/prophecy": "^1.15",
                "phpstan/phpstan": "^1.10",
                "phpunit/phpunit": "^8.5.38 || ^9.6.19",
                "predis/predis": "^1.1 || ^2.0",
                "rollbar/rollbar": "^1.3 || ^2 || ^3",
                "ruflin/elastica": "^7",
                "swiftmailer/swiftmailer": "^5.3|^6.0",
                "symfony/mailer": "^5.4 || ^6",
                "symfony/mime": "^5.4 || ^6"
            },
            "suggest": {
                "aws/aws-sdk-php": "Allow sending log messages to AWS services like DynamoDB",
                "doctrine/couchdb": "Allow sending log messages to a CouchDB server",
                "elasticsearch/elasticsearch": "Allow sending log messages to an Elasticsearch server via official client",
                "ext-amqp": "Allow sending log messages to an AMQP server (1.0+ required)",
                "ext-curl": "Required to send log messages using the IFTTTHandler, the LogglyHandler, the SendGridHandler, the SlackWebhookHandler or the TelegramBotHandler",
                "ext-mbstring": "Allow to work properly with unicode symbols",
                "ext-mongodb": "Allow sending log messages to a MongoDB server (via driver)",
                "ext-openssl": "Required to send log messages using SSL",
                "ext-sockets": "Allow sending log messages to a Syslog server (via UDP driver)",
                "graylog2/gelf-php": "Allow sending log messages to a GrayLog2 server",
                "mongodb/mongodb": "Allow sending log messages to a MongoDB server (via library)",
                "php-amqplib/php-amqplib": "Allow sending log messages to an AMQP server using php-amqplib",
                "rollbar/rollbar": "Allow sending log messages to Rollbar",
                "ruflin/elastica": "Allow sending log messages to an Elastic Search server"
            },
            "type": "library",
            "extra": {
                "branch-alias": {
                    "dev-main": "2.x-dev"
                }
            },
            "autoload": {
                "psr-4": {
                    "Monolog\\": "src/Monolog"
                }
            },
            "notification-url": "https://packagist.org/downloads/",
            "license": [
                "MIT"
            ],
            "authors": [
                {
                    "name": "Jordi Boggiano",
                    "email": "j.boggiano@seld.be",
                    "homepage": "https://seld.be"
                }
            ],
            "description": "Sends your logs to files, sockets, inboxes, databases and various web services",
            "homepage": "https://github.com/Seldaek/monolog",
            "keywords": [
                "log",
                "logging",
                "psr-3"
            ],
            "support": {
                "issues": "https://github.com/Seldaek/monolog/issues",
                "source": "https://github.com/Seldaek/monolog/tree/2.10.0"
            },
            "funding": [
                {
                    "url": "https://github.com/Seldaek",
                    "type": "github"
                },
                {
                    "url": "https://tidelift.com/funding/github/packagist/monolog/monolog",
                    "type": "tidelift"
                }
            ],
            "time": "2024-11-12T12:43:37+00:00"
        },
        {
            "name": "phalcon/cli-options-parser",
            "version": "v2.0.0",
            "source": {
                "type": "git",
                "url": "https://github.com/phalcon/cli-options-parser.git",
                "reference": "ec4d4cd0b7e61046b88957a4028ad01dfa14f4e6"
            },
            "dist": {
                "type": "zip",
                "url": "https://api.github.com/repos/phalcon/cli-options-parser/zipball/ec4d4cd0b7e61046b88957a4028ad01dfa14f4e6",
                "reference": "ec4d4cd0b7e61046b88957a4028ad01dfa14f4e6",
                "shasum": ""
            },
            "require": {
                "php": ">=8.0"
            },
            "require-dev": {
                "pds/skeleton": "^1.0",
                "phpstan/phpstan": "^1.10",
                "phpunit/phpunit": "^9.6",
                "squizlabs/php_codesniffer": "^3.7"
            },
            "type": "library",
            "extra": {
                "branch-alias": {
                    "dev-master": "1.1-dev"
                }
            },
            "autoload": {
                "psr-4": {
                    "Phalcon\\Cop\\": "src/"
                }
            },
            "notification-url": "https://packagist.org/downloads/",
            "license": [
                "BSD-3-Clause"
            ],
            "authors": [
                {
                    "name": "Phalcon Team",
                    "email": "team@phalconphp.com",
                    "homepage": "https://phalconphp.com/en/team"
                },
                {
                    "name": "Contributors",
                    "homepage": "https://github.com/phalcon/cli-options-parser/graphs/contributors"
                }
            ],
            "description": "Command line arguments/options parser.",
            "homepage": "https://phalconphp.com",
            "keywords": [
                "argparse",
                "cli",
                "command",
                "command-line",
                "getopt",
                "line",
                "option",
                "optparse",
                "parser",
                "terminal"
            ],
            "support": {
                "discord": "https://phalcon.io/discord/",
                "issues": "https://github.com/phalcon/cli-options-parser/issues",
                "source": "https://github.com/phalcon/cli-options-parser"
            },
            "funding": [
                {
                    "url": "https://github.com/phalcon",
                    "type": "github"
                },
                {
                    "url": "https://opencollective.com/phalcon",
                    "type": "open_collective"
                }
            ],
            "time": "2023-11-24T16:04:00+00:00"
        },
        {
            "name": "phalcon/zephir",
            "version": "0.19.0",
            "source": {
                "type": "git",
                "url": "https://github.com/zephir-lang/zephir.git",
                "reference": "ab31770196ab2aab5b9b62860e296da8a70603c6"
            },
            "dist": {
                "type": "zip",
                "url": "https://api.github.com/repos/zephir-lang/zephir/zipball/ab31770196ab2aab5b9b62860e296da8a70603c6",
                "reference": "ab31770196ab2aab5b9b62860e296da8a70603c6",
                "shasum": ""
            },
            "require": {
                "ext-ctype": "*",
                "ext-hash": "*",
                "ext-mbstring": "*",
                "ext-pcre": "*",
                "ext-xml": "*",
                "ext-zlib": "*",
                "monolog/monolog": "^2.3",
                "phalcon/cli-options-parser": "^2.0",
                "php": ">=8.0"
            },
            "require-dev": {
                "ext-gmp": "*",
                "ext-pdo": "*",
                "ext-pdo_sqlite": "*",
                "ext-zip": "*",
                "phpunit/phpunit": "^9.5",
                "psr/log": "1.1.*",
                "squizlabs/php_codesniffer": "^3.7"
            },
            "bin": [
                "zephir"
            ],
            "type": "library",
            "autoload": {
                "psr-4": {
                    "Zephir\\": "src/"
                }
            },
            "notification-url": "https://packagist.org/downloads/",
            "license": [
                "MIT"
            ],
            "authors": [
                {
                    "name": "Phalcon Team",
                    "email": "team@zephir-lang.com",
                    "homepage": "https://zephir-lang.com"
                },
                {
                    "name": "Contributors",
                    "homepage": "https://github.com/zephir-lang/zephir/graphs/contributors"
                }
            ],
            "description": "Zephir is a compiled high level language aimed to the creation of C-extensions for PHP",
            "homepage": "https://zephir-lang.com",
            "keywords": [
                "extension",
                "internals",
                "phalcon",
                "zephir"
            ],
            "support": {
                "docs": "https://docs.zephir-lang.com",
                "irc": "irc://irc.freenode.net/zephir",
                "issues": "https://github.com/zephir-lang/zephir/issues?state=open",
                "source": "https://github.com/zephir-lang/zephir"
            },
            "funding": [
                {
                    "url": "https://opencollective.com/phalcon",
                    "type": "custom"
                },
                {
                    "url": "https://github.com/phalcon",
                    "type": "github"
                }
            ],
            "time": "2025-05-13T11:35:31+00:00"
        },
        {
            "name": "psr/log",
            "version": "3.0.2",
            "source": {
                "type": "git",
                "url": "https://github.com/php-fig/log.git",
                "reference": "f16e1d5863e37f8d8c2a01719f5b34baa2b714d3"
            },
            "dist": {
                "type": "zip",
                "url": "https://api.github.com/repos/php-fig/log/zipball/f16e1d5863e37f8d8c2a01719f5b34baa2b714d3",
                "reference": "f16e1d5863e37f8d8c2a01719f5b34baa2b714d3",
                "shasum": ""
            },
            "require": {
                "php": ">=8.0.0"
            },
            "type": "library",
            "extra": {
                "branch-alias": {
                    "dev-master": "3.x-dev"
                }
            },
            "autoload": {
                "psr-4": {
                    "Psr\\Log\\": "src"
                }
            },
            "notification-url": "https://packagist.org/downloads/",
            "license": [
                "MIT"
            ],
            "authors": [
                {
                    "name": "PHP-FIG",
                    "homepage": "https://www.php-fig.org/"
                }
            ],
            "description": "Common interface for logging libraries",
            "homepage": "https://github.com/php-fig/log",
            "keywords": [
                "log",
                "psr",
                "psr-3"
            ],
            "support": {
                "source": "https://github.com/php-fig/log/tree/3.0.2"
            },
            "time": "2024-09-11T13:17:53+00:00"
        }
    ],
    "packages-dev": [],
    "aliases": [],
    "minimum-stability": "stable",
    "stability-flags": {},
    "prefer-stable": false,
    "prefer-lowest": false,
    "platform": {},
    "platform-dev": {},
    "plugin-api-version": "2.9.0"
}
